// !$*UTF8*$!
{
	archiveVersion = 1;
	classes = {
	};
	objectVersion = 46;
	objects = {

/* Begin PBXBuildFile section */
		315AFAC91956999500779F2A /* Foundation.framework in Frameworks */ = {isa = PBXBuildFile; fileRef = 315AFAC81956999500779F2A /* Foundation.framework */; };
		315AFACB1956999500779F2A /* CoreGraphics.framework in Frameworks */ = {isa = PBXBuildFile; fileRef = 315AFACA1956999500779F2A /* CoreGraphics.framework */; };
		315AFACD1956999500779F2A /* UIKit.framework in Frameworks */ = {isa = PBXBuildFile; fileRef = 315AFACC1956999500779F2A /* UIKit.framework */; };
		315AFAD31956999500779F2A /* InfoPlist.strings in Resources */ = {isa = PBXBuildFile; fileRef = 315AFAD11956999500779F2A /* InfoPlist.strings */; };
		315AFAD51956999500779F2A /* main.m in Sources */ = {isa = PBXBuildFile; fileRef = 315AFAD41956999500779F2A /* main.m */; };
		315AFAD91956999500779F2A /* KTMAppDelegate.m in Sources */ = {isa = PBXBuildFile; fileRef = 315AFAD81956999500779F2A /* KTMAppDelegate.m */; };
		315AFADC1956999500779F2A /* Main_iPhone.storyboard in Resources */ = {isa = PBXBuildFile; fileRef = 315AFADA1956999500779F2A /* Main_iPhone.storyboard */; };
		315AFADF1956999500779F2A /* Main_iPad.storyboard in Resources */ = {isa = PBXBuildFile; fileRef = 315AFADD1956999500779F2A /* Main_iPad.storyboard */; };
		315AFAE21956999500779F2A /* KTMViewController.m in Sources */ = {isa = PBXBuildFile; fileRef = 315AFAE11956999500779F2A /* KTMViewController.m */; };
		315AFAE41956999500779F2A /* Images.xcassets in Resources */ = {isa = PBXBuildFile; fileRef = 315AFAE31956999500779F2A /* Images.xcassets */; };
		315AFAEB1956999500779F2A /* XCTest.framework in Frameworks */ = {isa = PBXBuildFile; fileRef = 315AFAEA1956999500779F2A /* XCTest.framework */; };
		315AFAEC1956999500779F2A /* Foundation.framework in Frameworks */ = {isa = PBXBuildFile; fileRef = 315AFAC81956999500779F2A /* Foundation.framework */; };
		315AFAED1956999500779F2A /* UIKit.framework in Frameworks */ = {isa = PBXBuildFile; fileRef = 315AFACC1956999500779F2A /* UIKit.framework */; };
		315AFAF51956999500779F2A /* InfoPlist.strings in Resources */ = {isa = PBXBuildFile; fileRef = 315AFAF31956999500779F2A /* InfoPlist.strings */; };
		315AFAF71956999500779F2A /* WeatherAppTests.m in Sources */ = {isa = PBXBuildFile; fileRef = 315AFAF61956999500779F2A /* WeatherAppTests.m */; };
/* End PBXBuildFile section */

/* Begin PBXContainerItemProxy section */
		315AFAEE1956999500779F2A /* PBXContainerItemProxy */ = {
			isa = PBXContainerItemProxy;
			containerPortal = 315AFABD1956999500779F2A /* Project object */;
			proxyType = 1;
			remoteGlobalIDString = 315AFAC41956999500779F2A;
			remoteInfo = WeatherApp;
		};
/* End PBXContainerItemProxy section */

/* Begin PBXFileReference section */
		315AFAC51956999500779F2A /* WeatherApp.app */ = {isa = PBXFileReference; explicitFileType = wrapper.application; includeInIndex = 0; path = WeatherApp.app; sourceTree = BUILT_PRODUCTS_DIR; };
		315AFAC81956999500779F2A /* Foundation.framework */ = {isa = PBXFileReference; lastKnownFileType = wrapper.framework; name = Foundation.framework; path = System/Library/Frameworks/Foundation.framework; sourceTree = SDKROOT; };
		315AFACA1956999500779F2A /* CoreGraphics.framework */ = {isa = PBXFileReference; lastKnownFileType = wrapper.framework; name = CoreGraphics.framework; path = System/Library/Frameworks/CoreGraphics.framework; sourceTree = SDKROOT; };
		315AFACC1956999500779F2A /* UIKit.framework */ = {isa = PBXFileReference; lastKnownFileType = wrapper.framework; name = UIKit.framework; path = System/Library/Frameworks/UIKit.framework; sourceTree = SDKROOT; };
		315AFAD01956999500779F2A /* WeatherApp-Info.plist */ = {isa = PBXFileReference; lastKnownFileType = text.plist.xml; path = "WeatherApp-Info.plist"; sourceTree = "<group>"; };
		315AFAD21956999500779F2A /* en */ = {isa = PBXFileReference; lastKnownFileType = text.plist.strings; name = en; path = en.lproj/InfoPlist.strings; sourceTree = "<group>"; };
		315AFAD41956999500779F2A /* main.m */ = {isa = PBXFileReference; lastKnownFileType = sourcecode.c.objc; path = main.m; sourceTree = "<group>"; };
		315AFAD61956999500779F2A /* WeatherApp-Prefix.pch */ = {isa = PBXFileReference; lastKnownFileType = sourcecode.c.h; path = "WeatherApp-Prefix.pch"; sourceTree = "<group>"; };
		315AFAD71956999500779F2A /* KTMAppDelegate.h */ = {isa = PBXFileReference; lastKnownFileType = sourcecode.c.h; path = KTMAppDelegate.h; sourceTree = "<group>"; };
		315AFAD81956999500779F2A /* KTMAppDelegate.m */ = {isa = PBXFileReference; lastKnownFileType = sourcecode.c.objc; path = KTMAppDelegate.m; sourceTree = "<group>"; };
		315AFADB1956999500779F2A /* Base */ = {isa = PBXFileReference; lastKnownFileType = file.storyboard; name = Base; path = Base.lproj/Main_iPhone.storyboard; sourceTree = "<group>"; };
		315AFADE1956999500779F2A /* Base */ = {isa = PBXFileReference; lastKnownFileType = file.storyboard; name = Base; path = Base.lproj/Main_iPad.storyboard; sourceTree = "<group>"; };
		315AFAE01956999500779F2A /* KTMViewController.h */ = {isa = PBXFileReference; lastKnownFileType = sourcecode.c.h; path = KTMViewController.h; sourceTree = "<group>"; };
		315AFAE11956999500779F2A /* KTMViewController.m */ = {isa = PBXFileReference; lastKnownFileType = sourcecode.c.objc; path = KTMViewController.m; sourceTree = "<group>"; };
		315AFAE31956999500779F2A /* Images.xcassets */ = {isa = PBXFileReference; lastKnownFileType = folder.assetcatalog; path = Images.xcassets; sourceTree = "<group>"; };
		315AFAE91956999500779F2A /* WeatherAppTests.xctest */ = {isa = PBXFileReference; explicitFileType = wrapper.cfbundle; includeInIndex = 0; path = WeatherAppTests.xctest; sourceTree = BUILT_PRODUCTS_DIR; };
		315AFAEA1956999500779F2A /* XCTest.framework */ = {isa = PBXFileReference; lastKnownFileType = wrapper.framework; name = XCTest.framework; path = Library/Frameworks/XCTest.framework; sourceTree = DEVELOPER_DIR; };
		315AFAF21956999500779F2A /* WeatherAppTests-Info.plist */ = {isa = PBXFileReference; lastKnownFileType = text.plist.xml; path = "WeatherAppTests-Info.plist"; sourceTree = "<group>"; };
		315AFAF41956999500779F2A /* en */ = {isa = PBXFileReference; lastKnownFileType = text.plist.strings; name = en; path = en.lproj/InfoPlist.strings; sourceTree = "<group>"; };
		315AFAF61956999500779F2A /* WeatherAppTests.m */ = {isa = PBXFileReference; lastKnownFileType = sourcecode.c.objc; path = WeatherAppTests.m; sourceTree = "<group>"; };
/* End PBXFileReference section */

/* Begin PBXFrameworksBuildPhase section */
		315AFAC21956999500779F2A /* Frameworks */ = {
			isa = PBXFrameworksBuildPhase;
			buildActionMask = 2147483647;
			files = (
				315AFACB1956999500779F2A /* CoreGraphics.framework in Frameworks */,
				315AFACD1956999500779F2A /* UIKit.framework in Frameworks */,
				315AFAC91956999500779F2A /* Foundation.framework in Frameworks */,
			);
			runOnlyForDeploymentPostprocessing = 0;
		};
		315AFAE61956999500779F2A /* Frameworks */ = {
			isa = PBXFrameworksBuildPhase;
			buildActionMask = 2147483647;
			files = (
				315AFAEB1956999500779F2A /* XCTest.framework in Frameworks */,
				315AFAED1956999500779F2A /* UIKit.framework in Frameworks */,
				315AFAEC1956999500779F2A /* Foundation.framework in Frameworks */,
			);
			runOnlyForDeploymentPostprocessing = 0;
		};
/* End PBXFrameworksBuildPhase section */

/* Begin PBXGroup section */
		315AFABC1956999500779F2A = {
			isa = PBXGroup;
			children = (
				315AFACE1956999500779F2A /* WeatherApp */,
				315AFAF01956999500779F2A /* WeatherAppTests */,
				315AFAC71956999500779F2A /* Frameworks */,
				315AFAC61956999500779F2A /* Products */,
			);
			sourceTree = "<group>";
		};
		315AFAC61956999500779F2A /* Products */ = {
			isa = PBXGroup;
			children = (
				315AFAC51956999500779F2A /* WeatherApp.app */,
				315AFAE91956999500779F2A /* WeatherAppTests.xctest */,
			);
			name = Products;
			sourceTree = "<group>";
		};
		315AFAC71956999500779F2A /* Frameworks */ = {
			isa = PBXGroup;
			children = (
				315AFAC81956999500779F2A /* Foundation.framework */,
				315AFACA1956999500779F2A /* CoreGraphics.framework */,
				315AFACC1956999500779F2A /* UIKit.framework */,
				315AFAEA1956999500779F2A /* XCTest.framework */,
			);
			name = Frameworks;
			sourceTree = "<group>";
		};
		315AFACE1956999500779F2A /* WeatherApp */ = {
			isa = PBXGroup;
			children = (
				315AFAD71956999500779F2A /* KTMAppDelegate.h */,
				315AFAD81956999500779F2A /* KTMAppDelegate.m */,
				315AFADA1956999500779F2A /* Main_iPhone.storyboard */,
				315AFADD1956999500779F2A /* Main_iPad.storyboard */,
				315AFAE01956999500779F2A /* KTMViewController.h */,
				315AFAE11956999500779F2A /* KTMViewController.m */,
				315AFAE31956999500779F2A /* Images.xcassets */,
				315AFACF1956999500779F2A /* Supporting Files */,
			);
			path = WeatherApp;
			sourceTree = "<group>";
		};
		315AFACF1956999500779F2A /* Supporting Files */ = {
			isa = PBXGroup;
			children = (
				315AFAD01956999500779F2A /* WeatherApp-Info.plist */,
				315AFAD11956999500779F2A /* InfoPlist.strings */,
				315AFAD41956999500779F2A /* main.m */,
				315AFAD61956999500779F2A /* WeatherApp-Prefix.pch */,
			);
			name = "Supporting Files";
			sourceTree = "<group>";
		};
		315AFAF01956999500779F2A /* WeatherAppTests */ = {
			isa = PBXGroup;
			children = (
				315AFAF61956999500779F2A /* WeatherAppTests.m */,
				315AFAF11956999500779F2A /* Supporting Files */,
			);
			path = WeatherAppTests;
			sourceTree = "<group>";
		};
		315AFAF11956999500779F2A /* Supporting Files */ = {
			isa = PBXGroup;
			children = (
				315AFAF21956999500779F2A /* WeatherAppTests-Info.plist */,
				315AFAF31956999500779F2A /* InfoPlist.strings */,
			);
			name = "Supporting Files";
			sourceTree = "<group>";
		};
/* End PBXGroup section */

/* Begin PBXNativeTarget section */
		315AFAC41956999500779F2A /* WeatherApp */ = {
			isa = PBXNativeTarget;
			buildConfigurationList = 315AFAFA1956999500779F2A /* Build configuration list for PBXNativeTarget "WeatherApp" */;
			buildPhases = (
				315AFAC11956999500779F2A /* Sources */,
				315AFAC21956999500779F2A /* Frameworks */,
				315AFAC31956999500779F2A /* Resources */,
			);
			buildRules = (
			);
			dependencies = (
			);
			name = WeatherApp;
			productName = WeatherApp;
			productReference = 315AFAC51956999500779F2A /* WeatherApp.app */;
			productType = "com.apple.product-type.application";
		};
		315AFAE81956999500779F2A /* WeatherAppTests */ = {
			isa = PBXNativeTarget;
			buildConfigurationList = 315AFAFD1956999500779F2A /* Build configuration list for PBXNativeTarget "WeatherAppTests" */;
			buildPhases = (
				315AFAE51956999500779F2A /* Sources */,
				315AFAE61956999500779F2A /* Frameworks */,
				315AFAE71956999500779F2A /* Resources */,
			);
			buildRules = (
			);
			dependencies = (
				315AFAEF1956999500779F2A /* PBXTargetDependency */,
			);
			name = WeatherAppTests;
			productName = WeatherAppTests;
			productReference = 315AFAE91956999500779F2A /* WeatherAppTests.xctest */;
			productType = "com.apple.product-type.bundle.unit-test";
		};
/* End PBXNativeTarget section */

/* Begin PBXProject section */
		315AFABD1956999500779F2A /* Project object */ = {
			isa = PBXProject;
			attributes = {
				CLASSPREFIX = KTM;
				LastUpgradeCheck = 0500;
				ORGANIZATIONNAME = "Kishore Thejasvi";
				TargetAttributes = {
					315AFAE81956999500779F2A = {
						TestTargetID = 315AFAC41956999500779F2A;
					};
				};
			};
			buildConfigurationList = 315AFAC01956999500779F2A /* Build configuration list for PBXProject "WeatherApp" */;
			compatibilityVersion = "Xcode 3.2";
			developmentRegion = English;
			hasScannedForEncodings = 0;
			knownRegions = (
				en,
				Base,
			);
			mainGroup = 315AFABC1956999500779F2A;
			productRefGroup = 315AFAC61956999500779F2A /* Products */;
			projectDirPath = "";
			projectRoot = "";
			targets = (
				315AFAC41956999500779F2A /* WeatherApp */,
				315AFAE81956999500779F2A /* WeatherAppTests */,
			);
		};
/* End PBXProject section */

/* Begin PBXResourcesBuildPhase section */
		315AFAC31956999500779F2A /* Resources */ = {
			isa = PBXResourcesBuildPhase;
			buildActionMask = 2147483647;
			files = (
				315AFADF1956999500779F2A /* Main_iPad.storyboard in Resources */,
				315AFAE41956999500779F2A /* Images.xcassets in Resources */,
				315AFADC1956999500779F2A /* Main_iPhone.storyboard in Resources */,
				315AFAD31956999500779F2A /* InfoPlist.strings in Resources */,
			);
			runOnlyForDeploymentPostprocessing = 0;
		};
		315AFAE71956999500779F2A /* Resources */ = {
			isa = PBXResourcesBuildPhase;
			buildActionMask = 2147483647;
			files = (
				315AFAF51956999500779F2A /* InfoPlist.strings in Resources */,
			);
			runOnlyForDeploymentPostprocessing = 0;
		};
/* End PBXResourcesBuildPhase section */

/* Begin PBXSourcesBuildPhase section */
		315AFAC11956999500779F2A /* Sources */ = {
			isa = PBXSourcesBuildPhase;
			buildActionMask = 2147483647;
			files = (
				315AFAD51956999500779F2A /* main.m in Sources */,
				315AFAD91956999500779F2A /* KTMAppDelegate.m in Sources */,
				315AFAE21956999500779F2A /* KTMViewController.m in Sources */,
			);
			runOnlyForDeploymentPostprocessing = 0;
		};
		315AFAE51956999500779F2A /* Sources */ = {
			isa = PBXSourcesBuildPhase;
			buildActionMask = 2147483647;
			files = (
				315AFAF71956999500779F2A /* WeatherAppTests.m in Sources */,
			);
			runOnlyForDeploymentPostprocessing = 0;
		};
/* End PBXSourcesBuildPhase section */

/* Begin PBXTargetDependency section */
		315AFAEF1956999500779F2A /* PBXTargetDependency */ = {
			isa = PBXTargetDependency;
			target = 315AFAC41956999500779F2A /* WeatherApp */;
			targetProxy = 315AFAEE1956999500779F2A /* PBXContainerItemProxy */;
		};
/* End PBXTargetDependency section */

/* Begin PBXVariantGroup section */
		315AFAD11956999500779F2A /* InfoPlist.strings */ = {
			isa = PBXVariantGroup;
			children = (
				315AFAD21956999500779F2A /* en */,
			);
			name = InfoPlist.strings;
			sourceTree = "<group>";
		};
		315AFADA1956999500779F2A /* Main_iPhone.storyboard */ = {
			isa = PBXVariantGroup;
			children = (
				315AFADB1956999500779F2A /* Base */,
			);
			name = Main_iPhone.storyboard;
			sourceTree = "<group>";
		};
		315AFADD1956999500779F2A /* Main_iPad.storyboard */ = {
			isa = PBXVariantGroup;
			children = (
				315AFADE1956999500779F2A /* Base */,
			);
			name = Main_iPad.storyboard;
			sourceTree = "<group>";
		};
		315AFAF31956999500779F2A /* InfoPlist.strings */ = {
			isa = PBXVariantGroup;
			children = (
				315AFAF41956999500779F2A /* en */,
			);
			name = InfoPlist.strings;
			sourceTree = "<group>";
		};
/* End PBXVariantGroup section */

/* Begin XCBuildConfiguration section */
		315AFAF81956999500779F2A /* Debug */ = {
			isa = XCBuildConfiguration;
			buildSettings = {
				ALWAYS_SEARCH_USER_PATHS = NO;
				ARCHS = "$(ARCHS_STANDARD_INCLUDING_64_BIT)";
				CLANG_CXX_LANGUAGE_STANDARD = "gnu++0x";
				CLANG_CXX_LIBRARY = "libc++";
				CLANG_ENABLE_MODULES = YES;
				CLANG_ENABLE_OBJC_ARC = YES;
				CLANG_WARN_BOOL_CONVERSION = YES;
				CLANG_WARN_CONSTANT_CONVERSION = YES;
				CLANG_WARN_DIRECT_OBJC_ISA_USAGE = YES_ERROR;
				CLANG_WARN_EMPTY_BODY = YES;
				CLANG_WARN_ENUM_CONVERSION = YES;
				CLANG_WARN_INT_CONVERSION = YES;
				CLANG_WARN_OBJC_ROOT_CLASS = YES_ERROR;
				CLANG_WARN__DUPLICATE_METHOD_MATCH = YES;
				"CODE_SIGN_IDENTITY[sdk=iphoneos*]" = "iPhone Developer";
				COPY_PHASE_STRIP = NO;
				GCC_C_LANGUAGE_STANDARD = gnu99;
				GCC_DYNAMIC_NO_PIC = NO;
				GCC_OPTIMIZATION_LEVEL = 0;
				GCC_PREPROCESSOR_DEFINITIONS = (
					"DEBUG=1",
					"$(inherited)",
				);
				GCC_SYMBOLS_PRIVATE_EXTERN = NO;
				GCC_WARN_64_TO_32_BIT_CONVERSION = YES;
				GCC_WARN_ABOUT_RETURN_TYPE = YES_ERROR;
				GCC_WARN_UNDECLARED_SELECTOR = YES;
				GCC_WARN_UNINITIALIZED_AUTOS = YES;
				GCC_WARN_UNUSED_FUNCTION = YES;
				GCC_WARN_UNUSED_VARIABLE = YES;
				IPHONEOS_DEPLOYMENT_TARGET = 7.0;
				ONLY_ACTIVE_ARCH = YES;
				SDKROOT = iphoneos;
				TARGETED_DEVICE_FAMILY = "1,2";
			};
			name = Debug;
		};
		315AFAF91956999500779F2A /* Release */ = {
			isa = XCBuildConfiguration;
			buildSettings = {
				ALWAYS_SEARCH_USER_PATHS = NO;
				ARCHS = "$(ARCHS_STANDARD_INCLUDING_64_BIT)";
				CLANG_CXX_LANGUAGE_STANDARD = "gnu++0x";
				CLANG_CXX_LIBRARY = "libc++";
				CLANG_ENABLE_MODULES = YES;
				CLANG_ENABLE_OBJC_ARC = YES;
				CLANG_WARN_BOOL_CONVERSION = YES;
				CLANG_WARN_CONSTANT_CONVERSION = YES;
				CLANG_WARN_DIRECT_OBJC_ISA_USAGE = YES_ERROR;
				CLANG_WARN_EMPTY_BODY = YES;
				CLANG_WARN_ENUM_CONVERSION = YES;
				CLANG_WARN_INT_CONVERSION = YES;
				CLANG_WARN_OBJC_ROOT_CLASS = YES_ERROR;
				CLANG_WARN__DUPLICATE_METHOD_MATCH = YES;
				"CODE_SIGN_IDENTITY[sdk=iphoneos*]" = "iPhone Developer";
				COPY_PHASE_STRIP = YES;
				ENABLE_NS_ASSERTIONS = NO;
				GCC_C_LANGUAGE_STANDARD = gnu99;
				GCC_WARN_64_TO_32_BIT_CONVERSION = YES;
				GCC_WARN_ABOUT_RETURN_TYPE = YES_ERROR;
				GCC_WARN_UNDECLARED_SELECTOR = YES;
				GCC_WARN_UNINITIALIZED_AUTOS = YES;
				GCC_WARN_UNUSED_FUNCTION = YES;
				GCC_WARN_UNUSED_VARIABLE = YES;
				IPHONEOS_DEPLOYMENT_TARGET = 7.0;
				SDKROOT = iphoneos;
				TARGETED_DEVICE_FAMILY = "1,2";
				VALIDATE_PRODUCT = YES;
			};
			name = Release;
		};
		315AFAFB1956999500779F2A /* Debug */ = {
			isa = XCBuildConfiguration;
			buildSettings = {
				ASSETCATALOG_COMPILER_APPICON_NAME = AppIcon;
				ASSETCATALOG_COMPILER_LAUNCHIMAGE_NAME = LaunchImage;
				GCC_PRECOMPILE_PREFIX_HEADER = YES;
				GCC_PREFIX_HEADER = "WeatherApp/WeatherApp-Prefix.pch";
				INFOPLIST_FILE = "WeatherApp/WeatherApp-Info.plist";
				PRODUCT_NAME = "$(TARGET_NAME)";
				WRAPPER_EXTENSION = app;
			};
			name = Debug;
		};
		315AFAFC1956999500779F2A /* Release */ = {
			isa = XCBuildConfiguration;
			buildSettings = {
				ASSETCATALOG_COMPILER_APPICON_NAME = AppIcon;
				ASSETCATALOG_COMPILER_LAUNCHIMAGE_NAME = LaunchImage;
				GCC_PRECOMPILE_PREFIX_HEADER = YES;
				GCC_PREFIX_HEADER = "WeatherApp/WeatherApp-Prefix.pch";
				INFOPLIST_FILE = "WeatherApp/WeatherApp-Info.plist";
				PRODUCT_NAME = "$(TARGET_NAME)";
				WRAPPER_EXTENSION = app;
			};
			name = Release;
		};
		315AFAFE1956999500779F2A /* Debug */ = {
			isa = XCBuildConfiguration;
			buildSettings = {
				ARCHS = "$(ARCHS_STANDARD_INCLUDING_64_BIT)";
				BUNDLE_LOADER = "$(BUILT_PRODUCTS_DIR)/WeatherApp.app/WeatherApp";
				FRAMEWORK_SEARCH_PATHS = (
					"$(SDKROOT)/Developer/Library/Frameworks",
					"$(inherited)",
					"$(DEVELOPER_FRAMEWORKS_DIR)",
				);
				GCC_PRECOMPILE_PREFIX_HEADER = YES;
				GCC_PREFIX_HEADER = "WeatherApp/WeatherApp-Prefix.pch";
				GCC_PREPROCESSOR_DEFINITIONS = (
					"DEBUG=1",
					"$(inherited)",
				);
				INFOPLIST_FILE = "WeatherAppTests/WeatherAppTests-Info.plist";
				PRODUCT_NAME = "$(TARGET_NAME)";
				TEST_HOST = "$(BUNDLE_LOADER)";
				WRAPPER_EXTENSION = xctest;
			};
			name = Debug;
		};
		315AFAFF1956999500779F2A /* Release */ = {
			isa = XCBuildConfiguration;
			buildSettings = {
				ARCHS = "$(ARCHS_STANDARD_INCLUDING_64_BIT)";
				BUNDLE_LOADER = "$(BUILT_PRODUCTS_DIR)/WeatherApp.app/WeatherApp";
				FRAMEWORK_SEARCH_PATHS = (
					"$(SDKROOT)/Developer/Library/Frameworks",
					"$(inherited)",
					"$(DEVELOPER_FRAMEWORKS_DIR)",
				);
				GCC_PRECOMPILE_PREFIX_HEADER = YES;
				GCC_PREFIX_HEADER = "WeatherApp/WeatherApp-Prefix.pch";
				INFOPLIST_FILE = "WeatherAppTests/WeatherAppTests-Info.plist";
				PRODUCT_NAME = "$(TARGET_NAME)";
				TEST_HOST = "$(BUNDLE_LOADER)";
				WRAPPER_EXTENSION = xctest;
			};
			name = Release;
		};
/* End XCBuildConfiguration section */

/* Begin XCConfigurationList section */
		315AFAC01956999500779F2A /* Build configuration list for PBXProject "WeatherApp" */ = {
			isa = XCConfigurationList;
			buildConfigurations = (
				315AFAF81956999500779F2A /* Debug */,
				315AFAF91956999500779F2A /* Release */,
			);
			defaultConfigurationIsVisible = 0;
			defaultConfigurationName = Release;
		};
		315AFAFA1956999500779F2A /* Build configuration list for PBXNativeTarget "WeatherApp" */ = {
			isa = XCConfigurationList;
			buildConfigurations = (
				315AFAFB1956999500779F2A /* Debug */,
				315AFAFC1956999500779F2A /* Release */,
			);
			defaultConfigurationIsVisible = 0;
		};
		315AFAFD1956999500779F2A /* Build configuration list for PBXNativeTarget "WeatherAppTests" */ = {
			isa = XCConfigurationList;
			buildConfigurations = (
				315AFAFE1956999500779F2A /* Debug */,
				315AFAFF1956999500779F2A /* Release */,
			);
			defaultConfigurationIsVisible = 0;
		};
/* End XCConfigurationList section */
	};
	rootObject = 315AFABD1956999500779F2A /* Project object */;
}
